
Microsoft Visual Studio Solution File, Format Version 12.00
# Visual Studio Version 16
VisualStudioVersion = 16.0.30804.86
MinimumVisualStudioVersion = 10.0.40219.1
Project("{9A19103F-16F7-4668-BE54-9A1E7A4F7556}") = "Kampİntro", "Kampİntro\Kampİntro.csproj", "{535478B1-9FF7-446F-A10F-D662007444B7}"
EndProject
Project("{9A19103F-16F7-4668-BE54-9A1E7A4F7556}") = "Donguler", "Donguler\Donguler.csproj", "{62978A44-6A8D-4E90-9C8C-ED77FBD1BCB1}"
EndProject
Project("{9A19103F-16F7-4668-BE54-9A1E7A4F7556}") = "ClassIntro", "ClassIntro\ClassIntro.csproj", "{A5B6D08F-5BBD-4840-BC7D-70063EEB65C1}"
EndProject
Project("{9A19103F-16F7-4668-BE54-9A1E7A4F7556}") = "Metodlar", "Metodlar\Metodlar.csproj", "{816DE152-D3AB-4CF9-BC1E-22F1D02431E6}"
EndProject
Project("{9A19103F-16F7-4668-BE54-9A1E7A4F7556}") = "Matematik", "Matematik\Matematik.csproj", "{A7C70337-8350-46D9-A09D-42EE2E7283C1}"
EndProject
Project("{9A19103F-16F7-4668-BE54-9A1E7A4F7556}") = "DegerVeReferansTipler", "DegerVeReferansTipler\DegerVeReferansTipler.csproj", "{47007EC8-2209-4158-B530-8328A8ECAE0A}"
EndProject
Project("{9A19103F-16F7-4668-BE54-9A1E7A4F7556}") = "OOP1", "OOP1\OOP1.csproj", "{1369DBA3-C60D-4A94-AF21-8650C80AA198}"
EndProject
Project("{9A19103F-16F7-4668-BE54-9A1E7A4F7556}") = "Collections", "Collections\Collections.csproj", "{AAA14BA1-7A0C-4AE9-B4D4-1DA048A422ED}"
EndProject
Project("{9A19103F-16F7-4668-BE54-9A1E7A4F7556}") = "GenericsIntro", "GenericsIntro\GenericsIntro.csproj", "{70096E1C-C5AB-4B3B-8F75-5DA4872846E1}"
EndProject
Project("{FAE04EC0-301F-11D3-BF4B-00C04F79EFBC}") = "OOP2", "OOP2\OOP2.csproj", "{F4BC1E9F-FE1B-4989-BB84-41D3192C010A}"
EndProject
Project("{FAE04EC0-301F-11D3-BF4B-00C04F79EFBC}") = "OOP3", "OOP3\OOP3.csproj", "{7FB94D48-596B-47AE-B4EB-E61B509568A5}"
EndProject
Global
	GlobalSection(SolutionConfigurationPlatforms) = preSolution
		Debug|Any CPU = Debug|Any CPU
		Release|Any CPU = Release|Any CPU
	EndGlobalSection
	GlobalSection(ProjectConfigurationPlatforms) = postSolution
		{535478B1-9FF7-446F-A10F-D662007444B7}.Debug|Any CPU.ActiveCfg = Debug|Any CPU
		{535478B1-9FF7-446F-A10F-D662007444B7}.Debug|Any CPU.Build.0 = Debug|Any CPU
		{535478B1-9FF7-446F-A10F-D662007444B7}.Release|Any CPU.ActiveCfg = Release|Any CPU
		{535478B1-9FF7-446F-A10F-D662007444B7}.Release|Any CPU.Build.0 = Release|Any CPU
		{62978A44-6A8D-4E90-9C8C-ED77FBD1BCB1}.Debug|Any CPU.ActiveCfg = Debug|Any CPU
		{62978A44-6A8D-4E90-9C8C-ED77FBD1BCB1}.Debug|Any CPU.Build.0 = Debug|Any CPU
		{62978A44-6A8D-4E90-9C8C-ED77FBD1BCB1}.Release|Any CPU.ActiveCfg = Release|Any CPU
		{62978A44-6A8D-4E90-9C8C-ED77FBD1BCB1}.Release|Any CPU.Build.0 = Release|Any CPU
		{A5B6D08F-5BBD-4840-BC7D-70063EEB65C1}.Debug|Any CPU.ActiveCfg = Debug|Any CPU
		{A5B6D08F-5BBD-4840-BC7D-70063EEB65C1}.Debug|Any CPU.Build.0 = Debug|Any CPU
		{A5B6D08F-5BBD-4840-BC7D-70063EEB65C1}.Release|Any CPU.ActiveCfg = Release|Any CPU
		{A5B6D08F-5BBD-4840-BC7D-70063EEB65C1}.Release|Any CPU.Build.0 = Release|Any CPU
		{816DE152-D3AB-4CF9-BC1E-22F1D02431E6}.Debug|Any CPU.ActiveCfg = Debug|Any CPU
		{816DE152-D3AB-4CF9-BC1E-22F1D02431E6}.Debug|Any CPU.Build.0 = Debug|Any CPU
		{816DE152-D3AB-4CF9-BC1E-22F1D02431E6}.Release|Any CPU.ActiveCfg = Release|Any CPU
		{816DE152-D3AB-4CF9-BC1E-22F1D02431E6}.Release|Any CPU.Build.0 = Release|Any CPU
		{A7C70337-8350-46D9-A09D-42EE2E7283C1}.Debug|Any CPU.ActiveCfg = Debug|Any CPU
		{A7C70337-8350-46D9-A09D-42EE2E7283C1}.Debug|Any CPU.Build.0 = Debug|Any CPU
		{A7C70337-8350-46D9-A09D-42EE2E7283C1}.Release|Any CPU.ActiveCfg = Release|Any CPU
		{A7C70337-8350-46D9-A09D-42EE2E7283C1}.Release|Any CPU.Build.0 = Release|Any CPU
		{47007EC8-2209-4158-B530-8328A8ECAE0A}.Debug|Any CPU.ActiveCfg = Debug|Any CPU
		{47007EC8-2209-4158-B530-8328A8ECAE0A}.Debug|Any CPU.Build.0 = Debug|Any CPU
		{47007EC8-2209-4158-B530-8328A8ECAE0A}.Release|Any CPU.ActiveCfg = Release|Any CPU
		{47007EC8-2209-4158-B530-8328A8ECAE0A}.Release|Any CPU.Build.0 = Release|Any CPU
		{1369DBA3-C60D-4A94-AF21-8650C80AA198}.Debug|Any CPU.ActiveCfg = Debug|Any CPU
		{1369DBA3-C60D-4A94-AF21-8650C80AA198}.Debug|Any CPU.Build.0 = Debug|Any CPU
		{1369DBA3-C60D-4A94-AF21-8650C80AA198}.Release|Any CPU.ActiveCfg = Release|Any CPU
		{1369DBA3-C60D-4A94-AF21-8650C80AA198}.Release|Any CPU.Build.0 = Release|Any CPU
		{AAA14BA1-7A0C-4AE9-B4D4-1DA048A422ED}.Debug|Any CPU.ActiveCfg = Debug|Any CPU
		{AAA14BA1-7A0C-4AE9-B4D4-1DA048A422ED}.Debug|Any CPU.Build.0 = Debug|Any CPU
		{AAA14BA1-7A0C-4AE9-B4D4-1DA048A422ED}.Release|Any CPU.ActiveCfg = Release|Any CPU
		{AAA14BA1-7A0C-4AE9-B4D4-1DA048A422ED}.Release|Any CPU.Build.0 = Release|Any CPU
		{70096E1C-C5AB-4B3B-8F75-5DA4872846E1}.Debug|Any CPU.ActiveCfg = Debug|Any CPU
		{70096E1C-C5AB-4B3B-8F75-5DA4872846E1}.Debug|Any CPU.Build.0 = Debug|Any CPU
		{70096E1C-C5AB-4B3B-8F75-5DA4872846E1}.Release|Any CPU.ActiveCfg = Release|Any CPU
		{70096E1C-C5AB-4B3B-8F75-5DA4872846E1}.Release|Any CPU.Build.0 = Release|Any CPU
		{F4BC1E9F-FE1B-4989-BB84-41D3192C010A}.Debug|Any CPU.ActiveCfg = Debug|Any CPU
		{F4BC1E9F-FE1B-4989-BB84-41D3192C010A}.Debug|Any CPU.Build.0 = Debug|Any CPU
		{F4BC1E9F-FE1B-4989-BB84-41D3192C010A}.Release|Any CPU.ActiveCfg = Release|Any CPU
		{F4BC1E9F-FE1B-4989-BB84-41D3192C010A}.Release|Any CPU.Build.0 = Release|Any CPU
		{7FB94D48-596B-47AE-B4EB-E61B509568A5}.Debug|Any CPU.ActiveCfg = Debug|Any CPU
		{7FB94D48-596B-47AE-B4EB-E61B509568A5}.Debug|Any CPU.Build.0 = Debug|Any CPU
		{7FB94D48-596B-47AE-B4EB-E61B509568A5}.Release|Any CPU.ActiveCfg = Release|Any CPU
		{7FB94D48-596B-47AE-B4EB-E61B509568A5}.Release|Any CPU.Build.0 = Release|Any CPU
	EndGlobalSection
	GlobalSection(SolutionProperties) = preSolution
		HideSolutionNode = FALSE
	EndGlobalSection
	GlobalSection(ExtensibilityGlobals) = postSolution
		SolutionGuid = {0E60C5B8-54CC-43B6-98D2-D3F8E2A71490}
	EndGlobalSection
EndGlobal
